
Microsoft Visual Studio Solution File, Format Version 12.00
# Visual Studio Version 16
VisualStudioVersion = 16.0.31321.278
MinimumVisualStudioVersion = 10.0.40219.1
Project("{FAE04EC0-301F-11D3-BF4B-00C04F79EFBC}") = "Riode WebUI", "Riode WebUI\Riode WebUI.csproj", "{FB993D4B-2F48-4C31-97F4-F89FDD9EE936}"
EndProject
Global
	GlobalSection(SolutionConfigurationPlatforms) = preSolution
		Debug|Any CPU = Debug|Any CPU
		Release|Any CPU = Release|Any CPU
	EndGlobalSection
	GlobalSection(ProjectConfigurationPlatforms) = postSolution
		{FB993D4B-2F48-4C31-97F4-F89FDD9EE936}.Debug|Any CPU.ActiveCfg = Debug|Any CPU
		{FB993D4B-2F48-4C31-97F4-F89FDD9EE936}.Debug|Any CPU.Build.0 = Debug|Any CPU
		{FB993D4B-2F48-4C31-97F4-F89FDD9EE936}.Release|Any CPU.ActiveCfg = Release|Any CPU
		{FB993D4B-2F48-4C31-97F4-F89FDD9EE936}.Release|Any CPU.Build.0 = Release|Any CPU
	EndGlobalSection
	GlobalSection(SolutionProperties) = preSolution
		HideSolutionNode = FALSE
	EndGlobalSection
	GlobalSection(ExtensibilityGlobals) = postSolution
		SolutionGuid = {D761BF55-FBB6-43AA-8CA0-183924DB28AA}
	EndGlobalSection
EndGlobal
